// !$*UTF8*$!
{
	archiveVersion = 1;
	classes = {
	};
	objectVersion = 50;
	objects = {

/* Begin PBXBuildFile section */
		CE92983C21B623C9009EF741 /* OpenAL.framework in Frameworks */ = {isa = PBXBuildFile; fileRef = CE92983B21B623C9009EF741 /* OpenAL.framework */; };
		CEA216E521ABAFDE00668AA1 /* main.cpp in Sources */ = {isa = PBXBuildFile; fileRef = CEA216E421ABAFDE00668AA1 /* main.cpp */; };
		CEA216ED21ABB1F800668AA1 /* OpenGL.framework in Frameworks */ = {isa = PBXBuildFile; fileRef = CEA216EC21ABB1F800668AA1 /* OpenGL.framework */; };
		CEA216EF21ABB29200668AA1 /* GLUT.framework in Frameworks */ = {isa = PBXBuildFile; fileRef = CEA216EE21ABB29200668AA1 /* GLUT.framework */; };
		CEB99E0C21EE301E008AF8CB /* robo.cpp in Sources */ = {isa = PBXBuildFile; fileRef = CEB99E0A21EE301E008AF8CB /* robo.cpp */; };
		CEB99E1521EE3656008AF8CB /* keyboard.cpp in Sources */ = {isa = PBXBuildFile; fileRef = CEB99E1321EE3656008AF8CB /* keyboard.cpp */; };
		CEB99E1821EE38BF008AF8CB /* grid.cpp in Sources */ = {isa = PBXBuildFile; fileRef = CEB99E1621EE38BF008AF8CB /* grid.cpp */; };
		CEB99E1B21EE3CE3008AF8CB /* glLists.cpp in Sources */ = {isa = PBXBuildFile; fileRef = CEB99E1921EE3CE3008AF8CB /* glLists.cpp */; };
		CEB99E1E21EE4A8B008AF8CB /* light.cpp in Sources */ = {isa = PBXBuildFile; fileRef = CEB99E1C21EE4A8B008AF8CB /* light.cpp */; };
		CEB99E2121EE4CA2008AF8CB /* audio.cpp in Sources */ = {isa = PBXBuildFile; fileRef = CEB99E1F21EE4CA2008AF8CB /* audio.cpp */; };
/* End PBXBuildFile section */

/* Begin PBXCopyFilesBuildPhase section */
		CEA216DF21ABAFDE00668AA1 /* CopyFiles */ = {
			isa = PBXCopyFilesBuildPhase;
			buildActionMask = 2147483647;
			dstPath = /usr/share/man/man1/;
			dstSubfolderSpec = 0;
			files = (
			);
			runOnlyForDeploymentPostprocessing = 1;
		};
/* End PBXCopyFilesBuildPhase section */

/* Begin PBXFileReference section */
		CE92983B21B623C9009EF741 /* OpenAL.framework */ = {isa = PBXFileReference; lastKnownFileType = wrapper.framework; name = OpenAL.framework; path = System/Library/Frameworks/OpenAL.framework; sourceTree = SDKROOT; };
		CEA216E121ABAFDE00668AA1 /* aprendizado */ = {isa = PBXFileReference; explicitFileType = "compiled.mach-o.executable"; includeInIndex = 0; path = aprendizado; sourceTree = BUILT_PRODUCTS_DIR; };
		CEA216E421ABAFDE00668AA1 /* main.cpp */ = {isa = PBXFileReference; lastKnownFileType = sourcecode.cpp.cpp; path = main.cpp; sourceTree = "<group>"; };
		CEA216EC21ABB1F800668AA1 /* OpenGL.framework */ = {isa = PBXFileReference; lastKnownFileType = wrapper.framework; name = OpenGL.framework; path = System/Library/Frameworks/OpenGL.framework; sourceTree = SDKROOT; };
		CEA216EE21ABB29200668AA1 /* GLUT.framework */ = {isa = PBXFileReference; lastKnownFileType = wrapper.framework; name = GLUT.framework; path = System/Library/Frameworks/GLUT.framework; sourceTree = SDKROOT; };
		CEB99E0A21EE301E008AF8CB /* robo.cpp */ = {isa = PBXFileReference; lastKnownFileType = sourcecode.cpp.cpp; path = robo.cpp; sourceTree = "<group>"; };
		CEB99E0B21EE301E008AF8CB /* robo.hpp */ = {isa = PBXFileReference; lastKnownFileType = sourcecode.cpp.h; path = robo.hpp; sourceTree = "<group>"; };
		CEB99E1321EE3656008AF8CB /* keyboard.cpp */ = {isa = PBXFileReference; lastKnownFileType = sourcecode.cpp.cpp; name = keyboard.cpp; path = "aprendizado-evsyjsvavxfxrjcugcddrzqlpjbd/keyboard.cpp"; sourceTree = "<group>"; };
		CEB99E1421EE3656008AF8CB /* keyboard.hpp */ = {isa = PBXFileReference; lastKnownFileType = sourcecode.cpp.h; name = keyboard.hpp; path = "aprendizado-evsyjsvavxfxrjcugcddrzqlpjbd/keyboard.hpp"; sourceTree = "<group>"; };
		CEB99E1621EE38BF008AF8CB /* grid.cpp */ = {isa = PBXFileReference; lastKnownFileType = sourcecode.cpp.cpp; name = grid.cpp; path = "aprendizado-evsyjsvavxfxrjcugcddrzqlpjbd/grid.cpp"; sourceTree = "<group>"; };
		CEB99E1721EE38BF008AF8CB /* grid.hpp */ = {isa = PBXFileReference; lastKnownFileType = sourcecode.cpp.h; name = grid.hpp; path = "aprendizado-evsyjsvavxfxrjcugcddrzqlpjbd/grid.hpp"; sourceTree = "<group>"; };
		CEB99E1921EE3CE3008AF8CB /* glLists.cpp */ = {isa = PBXFileReference; lastKnownFileType = sourcecode.cpp.cpp; name = glLists.cpp; path = "aprendizado-evsyjsvavxfxrjcugcddrzqlpjbd/glLists.cpp"; sourceTree = "<group>"; };
		CEB99E1A21EE3CE3008AF8CB /* glLists.hpp */ = {isa = PBXFileReference; lastKnownFileType = sourcecode.cpp.h; name = glLists.hpp; path = "aprendizado-evsyjsvavxfxrjcugcddrzqlpjbd/glLists.hpp"; sourceTree = "<group>"; };
		CEB99E1C21EE4A8B008AF8CB /* light.cpp */ = {isa = PBXFileReference; lastKnownFileType = sourcecode.cpp.cpp; name = light.cpp; path = "aprendizado-evsyjsvavxfxrjcugcddrzqlpjbd/light.cpp"; sourceTree = "<group>"; };
		CEB99E1D21EE4A8B008AF8CB /* light.hpp */ = {isa = PBXFileReference; lastKnownFileType = sourcecode.cpp.h; name = light.hpp; path = "aprendizado-evsyjsvavxfxrjcugcddrzqlpjbd/light.hpp"; sourceTree = "<group>"; };
		CEB99E1F21EE4CA2008AF8CB /* audio.cpp */ = {isa = PBXFileReference; lastKnownFileType = sourcecode.cpp.cpp; name = audio.cpp; path = "aprendizado-evsyjsvavxfxrjcugcddrzqlpjbd/audio.cpp"; sourceTree = "<group>"; };
		CEB99E2021EE4CA2008AF8CB /* audio.hpp */ = {isa = PBXFileReference; lastKnownFileType = sourcecode.cpp.h; name = audio.hpp; path = "aprendizado-evsyjsvavxfxrjcugcddrzqlpjbd/audio.hpp"; sourceTree = "<group>"; };
		CEB99E2521EE4FB5008AF8CB /* damage 1.wav */ = {isa = PBXFileReference; lastKnownFileType = audio.wav; path = "damage 1.wav"; sourceTree = "<group>"; };
		CEB99E2621EE4FB5008AF8CB /* dead 1.wav */ = {isa = PBXFileReference; lastKnownFileType = audio.wav; path = "dead 1.wav"; sourceTree = "<group>"; };
		CEB99E3D21EECF7E008AF8CB /* ambiente.wav */ = {isa = PBXFileReference; lastKnownFileType = audio.wav; path = ambiente.wav; sourceTree = "<group>"; };
		CEB99E4221EFC828008AF8CB /* bounce.wav */ = {isa = PBXFileReference; lastKnownFileType = audio.wav; path = bounce.wav; sourceTree = "<group>"; };
/* End PBXFileReference section */

/* Begin PBXFrameworksBuildPhase section */
		CEA216DE21ABAFDE00668AA1 /* Frameworks */ = {
			isa = PBXFrameworksBuildPhase;
			buildActionMask = 2147483647;
			files = (
				CE92983C21B623C9009EF741 /* OpenAL.framework in Frameworks */,
				CEA216EF21ABB29200668AA1 /* GLUT.framework in Frameworks */,
				CEA216ED21ABB1F800668AA1 /* OpenGL.framework in Frameworks */,
			);
			runOnlyForDeploymentPostprocessing = 0;
		};
/* End PBXFrameworksBuildPhase section */

/* Begin PBXGroup section */
		CEA216D821ABAFDE00668AA1 = {
			isa = PBXGroup;
			children = (
				CEA216E321ABAFDE00668AA1 /* aprendizado */,
				CEA216E221ABAFDE00668AA1 /* Products */,
				CEA216EB21ABB1F600668AA1 /* Frameworks */,
			);
			sourceTree = "<group>";
		};
		CEA216E221ABAFDE00668AA1 /* Products */ = {
			isa = PBXGroup;
			children = (
				CEA216E121ABAFDE00668AA1 /* aprendizado */,
			);
			name = Products;
			sourceTree = "<group>";
		};
		CEA216E321ABAFDE00668AA1 /* aprendizado */ = {
			isa = PBXGroup;
			children = (
				CEB99E2421EE4EAA008AF8CB /* wav */,
				CEB99E2321EE4E8E008AF8CB /* models */,
				CEA216E421ABAFDE00668AA1 /* main.cpp */,
				CEB99E1F21EE4CA2008AF8CB /* audio.cpp */,
				CEB99E2021EE4CA2008AF8CB /* audio.hpp */,
				CEB99E1C21EE4A8B008AF8CB /* light.cpp */,
				CEB99E1D21EE4A8B008AF8CB /* light.hpp */,
				CEB99E1921EE3CE3008AF8CB /* glLists.cpp */,
				CEB99E1A21EE3CE3008AF8CB /* glLists.hpp */,
				CEB99E1621EE38BF008AF8CB /* grid.cpp */,
				CEB99E1721EE38BF008AF8CB /* grid.hpp */,
				CEB99E1321EE3656008AF8CB /* keyboard.cpp */,
				CEB99E1421EE3656008AF8CB /* keyboard.hpp */,
				CEB99E0A21EE301E008AF8CB /* robo.cpp */,
				CEB99E0B21EE301E008AF8CB /* robo.hpp */,
			);
			path = aprendizado;
			sourceTree = "<group>";
		};
		CEA216EB21ABB1F600668AA1 /* Frameworks */ = {
			isa = PBXGroup;
			children = (
				CE92983B21B623C9009EF741 /* OpenAL.framework */,
				CEA216EE21ABB29200668AA1 /* GLUT.framework */,
				CEA216EC21ABB1F800668AA1 /* OpenGL.framework */,
			);
			name = Frameworks;
			sourceTree = "<group>";
		};
		CEB99E2321EE4E8E008AF8CB /* models */ = {
			isa = PBXGroup;
			children = (
			);
			path = models;
			sourceTree = "<group>";
		};
		CEB99E2421EE4EAA008AF8CB /* wav */ = {
			isa = PBXGroup;
			children = (
				CEB99E4221EFC828008AF8CB /* bounce.wav */,
				CEB99E3D21EECF7E008AF8CB /* ambiente.wav */,
				CEB99E2521EE4FB5008AF8CB /* damage 1.wav */,
				CEB99E2621EE4FB5008AF8CB /* dead 1.wav */,
			);
			path = wav;
			sourceTree = "<group>";
		};
/* End PBXGroup section */

/* Begin PBXNativeTarget section */
		CEA216E021ABAFDE00668AA1 /* aprendizado */ = {
			isa = PBXNativeTarget;
			buildConfigurationList = CEA216E821ABAFDE00668AA1 /* Build configuration list for PBXNativeTarget "aprendizado" */;
			buildPhases = (
				CEA216DD21ABAFDE00668AA1 /* Sources */,
				CEA216DE21ABAFDE00668AA1 /* Frameworks */,
				CEA216DF21ABAFDE00668AA1 /* CopyFiles */,
			);
			buildRules = (
			);
			dependencies = (
			);
			name = aprendizado;
			productName = aprendizado;
			productReference = CEA216E121ABAFDE00668AA1 /* aprendizado */;
			productType = "com.apple.product-type.tool";
		};
/* End PBXNativeTarget section */

/* Begin PBXProject section */
		CEA216D921ABAFDE00668AA1 /* Project object */ = {
			isa = PBXProject;
			attributes = {
				LastUpgradeCheck = 1010;
				ORGANIZATIONNAME = mickael;
				TargetAttributes = {
					CEA216E021ABAFDE00668AA1 = {
						CreatedOnToolsVersion = 10.1;
					};
				};
			};
			buildConfigurationList = CEA216DC21ABAFDE00668AA1 /* Build configuration list for PBXProject "aprendizado" */;
			compatibilityVersion = "Xcode 9.3";
			developmentRegion = en;
			hasScannedForEncodings = 0;
			knownRegions = (
				en,
			);
			mainGroup = CEA216D821ABAFDE00668AA1;
			productRefGroup = CEA216E221ABAFDE00668AA1 /* Products */;
			projectDirPath = "";
			projectRoot = "";
			targets = (
				CEA216E021ABAFDE00668AA1 /* aprendizado */,
			);
		};
/* End PBXProject section */

/* Begin PBXSourcesBuildPhase section */
		CEA216DD21ABAFDE00668AA1 /* Sources */ = {
			isa = PBXSourcesBuildPhase;
			buildActionMask = 2147483647;
			files = (
				CEA216E521ABAFDE00668AA1 /* main.cpp in Sources */,
				CEB99E0C21EE301E008AF8CB /* robo.cpp in Sources */,
				CEB99E1E21EE4A8B008AF8CB /* light.cpp in Sources */,
				CEB99E1521EE3656008AF8CB /* keyboard.cpp in Sources */,
				CEB99E2121EE4CA2008AF8CB /* audio.cpp in Sources */,
				CEB99E1B21EE3CE3008AF8CB /* glLists.cpp in Sources */,
				CEB99E1821EE38BF008AF8CB /* grid.cpp in Sources */,
			);
			runOnlyForDeploymentPostprocessing = 0;
		};
/* End PBXSourcesBuildPhase section */

/* Begin XCBuildConfiguration section */
		CEA216E621ABAFDE00668AA1 /* Debug */ = {
			isa = XCBuildConfiguration;
			buildSettings = {
				ALWAYS_SEARCH_USER_PATHS = NO;
				CLANG_ANALYZER_NONNULL = YES;
				CLANG_ANALYZER_NUMBER_OBJECT_CONVERSION = YES_AGGRESSIVE;
				CLANG_CXX_LANGUAGE_STANDARD = "gnu++14";
				CLANG_CXX_LIBRARY = "libc++";
				CLANG_ENABLE_MODULES = YES;
				CLANG_ENABLE_OBJC_ARC = YES;
				CLANG_ENABLE_OBJC_WEAK = YES;
				CLANG_WARN_BLOCK_CAPTURE_AUTORELEASING = YES;
				CLANG_WARN_BOOL_CONVERSION = YES;
				CLANG_WARN_COMMA = YES;
				CLANG_WARN_CONSTANT_CONVERSION = YES;
				CLANG_WARN_DEPRECATED_OBJC_IMPLEMENTATIONS = YES;
				CLANG_WARN_DIRECT_OBJC_ISA_USAGE = YES_ERROR;
				CLANG_WARN_DOCUMENTATION_COMMENTS = YES;
				CLANG_WARN_EMPTY_BODY = YES;
				CLANG_WARN_ENUM_CONVERSION = YES;
				CLANG_WARN_INFINITE_RECURSION = YES;
				CLANG_WARN_INT_CONVERSION = YES;
				CLANG_WARN_NON_LITERAL_NULL_CONVERSION = YES;
				CLANG_WARN_OBJC_IMPLICIT_RETAIN_SELF = YES;
				CLANG_WARN_OBJC_LITERAL_CONVERSION = YES;
				CLANG_WARN_OBJC_ROOT_CLASS = YES_ERROR;
				CLANG_WARN_RANGE_LOOP_ANALYSIS = YES;
				CLANG_WARN_STRICT_PROTOTYPES = YES;
				CLANG_WARN_SUSPICIOUS_MOVE = YES;
				CLANG_WARN_UNGUARDED_AVAILABILITY = YES_AGGRESSIVE;
				CLANG_WARN_UNREACHABLE_CODE = YES;
				CLANG_WARN__DUPLICATE_METHOD_MATCH = YES;
				CODE_SIGN_IDENTITY = "-";
				COPY_PHASE_STRIP = NO;
				DEBUG_INFORMATION_FORMAT = dwarf;
				ENABLE_STRICT_OBJC_MSGSEND = YES;
				ENABLE_TESTABILITY = YES;
				GCC_C_LANGUAGE_STANDARD = gnu11;
				GCC_DYNAMIC_NO_PIC = NO;
				GCC_NO_COMMON_BLOCKS = YES;
				GCC_OPTIMIZATION_LEVEL = 0;
				GCC_PREPROCESSOR_DEFINITIONS = (
					"DEBUG=1",
					"$(inherited)",
				);
				GCC_WARN_64_TO_32_BIT_CONVERSION = YES;
				GCC_WARN_ABOUT_RETURN_TYPE = YES_ERROR;
				GCC_WARN_UNDECLARED_SELECTOR = YES;
				GCC_WARN_UNINITIALIZED_AUTOS = YES_AGGRESSIVE;
				GCC_WARN_UNUSED_FUNCTION = YES;
				GCC_WARN_UNUSED_VARIABLE = YES;
				MACOSX_DEPLOYMENT_TARGET = 10.14;
				MTL_ENABLE_DEBUG_INFO = INCLUDE_SOURCE;
				MTL_FAST_MATH = YES;
				ONLY_ACTIVE_ARCH = YES;
				SDKROOT = macosx;
			};
			name = Debug;
		};
		CEA216E721ABAFDE00668AA1 /* Release */ = {
			isa = XCBuildConfiguration;
			buildSettings = {
				ALWAYS_SEARCH_USER_PATHS = NO;
				CLANG_ANALYZER_NONNULL = YES;
				CLANG_ANALYZER_NUMBER_OBJECT_CONVERSION = YES_AGGRESSIVE;
				CLANG_CXX_LANGUAGE_STANDARD = "gnu++14";
				CLANG_CXX_LIBRARY = "libc++";
				CLANG_ENABLE_MODULES = YES;
				CLANG_ENABLE_OBJC_ARC = YES;
				CLANG_ENABLE_OBJC_WEAK = YES;
				CLANG_WARN_BLOCK_CAPTURE_AUTORELEASING = YES;
				CLANG_WARN_BOOL_CONVERSION = YES;
				CLANG_WARN_COMMA = YES;
				CLANG_WARN_CONSTANT_CONVERSION = YES;
				CLANG_WARN_DEPRECATED_OBJC_IMPLEMENTATIONS = YES;
				CLANG_WARN_DIRECT_OBJC_ISA_USAGE = YES_ERROR;
				CLANG_WARN_DOCUMENTATION_COMMENTS = YES;
				CLANG_WARN_EMPTY_BODY = YES;
				CLANG_WARN_ENUM_CONVERSION = YES;
				CLANG_WARN_INFINITE_RECURSION = YES;
				CLANG_WARN_INT_CONVERSION = YES;
				CLANG_WARN_NON_LITERAL_NULL_CONVERSION = YES;
				CLANG_WARN_OBJC_IMPLICIT_RETAIN_SELF = YES;
				CLANG_WARN_OBJC_LITERAL_CONVERSION = YES;
				CLANG_WARN_OBJC_ROOT_CLASS = YES_ERROR;
				CLANG_WARN_RANGE_LOOP_ANALYSIS = YES;
				CLANG_WARN_STRICT_PROTOTYPES = YES;
				CLANG_WARN_SUSPICIOUS_MOVE = YES;
				CLANG_WARN_UNGUARDED_AVAILABILITY = YES_AGGRESSIVE;
				CLANG_WARN_UNREACHABLE_CODE = YES;
				CLANG_WARN__DUPLICATE_METHOD_MATCH = YES;
				CODE_SIGN_IDENTITY = "-";
				COPY_PHASE_STRIP = NO;
				DEBUG_INFORMATION_FORMAT = "dwarf-with-dsym";
				ENABLE_NS_ASSERTIONS = NO;
				ENABLE_STRICT_OBJC_MSGSEND = YES;
				GCC_C_LANGUAGE_STANDARD = gnu11;
				GCC_NO_COMMON_BLOCKS = YES;
				GCC_WARN_64_TO_32_BIT_CONVERSION = YES;
				GCC_WARN_ABOUT_RETURN_TYPE = YES_ERROR;
				GCC_WARN_UNDECLARED_SELECTOR = YES;
				GCC_WARN_UNINITIALIZED_AUTOS = YES_AGGRESSIVE;
				GCC_WARN_UNUSED_FUNCTION = YES;
				GCC_WARN_UNUSED_VARIABLE = YES;
				MACOSX_DEPLOYMENT_TARGET = 10.14;
				MTL_ENABLE_DEBUG_INFO = NO;
				MTL_FAST_MATH = YES;
				SDKROOT = macosx;
			};
			name = Release;
		};
		CEA216E921ABAFDE00668AA1 /* Debug */ = {
			isa = XCBuildConfiguration;
			buildSettings = {
				CODE_SIGN_STYLE = Automatic;
				GCC_WARN_ABOUT_DEPRECATED_FUNCTIONS = NO;
				HEADER_SEARCH_PATHS = (
					/Volumes/HD,
					"Mac/Workspaces/C++/xcode/aprendizado/aprendizado",
				);
				LIBRARY_SEARCH_PATHS = "";
				PRODUCT_NAME = "$(TARGET_NAME)";
			};
			name = Debug;
		};
		CEA216EA21ABAFDE00668AA1 /* Release */ = {
			isa = XCBuildConfiguration;
			buildSettings = {
				CODE_SIGN_STYLE = Automatic;
				GCC_WARN_ABOUT_DEPRECATED_FUNCTIONS = NO;
				HEADER_SEARCH_PATHS = (
					/Volumes/HD,
					"Mac/Workspaces/C++/xcode/aprendizado/aprendizado",
				);
				LIBRARY_SEARCH_PATHS = "";
				PRODUCT_NAME = "$(TARGET_NAME)";
			};
			name = Release;
		};
/* End XCBuildConfiguration section */

/* Begin XCConfigurationList section */
		CEA216DC21ABAFDE00668AA1 /* Build configuration list for PBXProject "aprendizado" */ = {
			isa = XCConfigurationList;
			buildConfigurations = (
				CEA216E621ABAFDE00668AA1 /* Debug */,
				CEA216E721ABAFDE00668AA1 /* Release */,
			);
			defaultConfigurationIsVisible = 0;
			defaultConfigurationName = Release;
		};
		CEA216E821ABAFDE00668AA1 /* Build configuration list for PBXNativeTarget "aprendizado" */ = {
			isa = XCConfigurationList;
			buildConfigurations = (
				CEA216E921ABAFDE00668AA1 /* Debug */,
				CEA216EA21ABAFDE00668AA1 /* Release */,
			);
			defaultConfigurationIsVisible = 0;
			defaultConfigurationName = Release;
		};
/* End XCConfigurationList section */
	};
	rootObject = CEA216D921ABAFDE00668AA1 /* Project object */;
}
